Microsoft Visual Studio Solution File, Format Version 12.00
# Visual Studio Version 17
VisualStudioVersion = 17.5.2.0
MinimumVisualStudioVersion = 10.0.40219.1
Project("{FAE04EC0-301F-11D3-BF4B-00C04F79EFBC}") = "api", "api\api.csproj", "{CBFA08EA-AECE-205F-7B85-326FD0B81BAD}"
EndProject
Project("{FAE04EC0-301F-11D3-BF4B-00C04F79EFBC}") = "dataaccess", "dataaccess\dataaccess.csproj", "{45E8AD2D-F6CC-99C0-B6AF-489676982DA4}"
EndProject
Project("{FAE04EC0-301F-11D3-BF4B-00C04F79EFBC}") = "service", "service\service.csproj", "{02B79BC5-153E-2FD9-CAE3-8149E0D9044F}"
EndProject
Project("{FAE04EC0-301F-11D3-BF4B-00C04F79EFBC}") = "test", "test\test.csproj", "{0A1E64AE-D0ED-E6EE-0445-2888C87C6BF3}"
EndProject
Global
	GlobalSection(SolutionConfigurationPlatforms) = preSolution
		Debug|Any CPU = Debug|Any CPU
		Release|Any CPU = Release|Any CPU
	EndGlobalSection
	GlobalSection(ProjectConfigurationPlatforms) = postSolution
		{CBFA08EA-AECE-205F-7B85-326FD0B81BAD}.Debug|Any CPU.ActiveCfg = Debug|Any CPU
		{CBFA08EA-AECE-205F-7B85-326FD0B81BAD}.Debug|Any CPU.Build.0 = Debug|Any CPU
		{CBFA08EA-AECE-205F-7B85-326FD0B81BAD}.Release|Any CPU.ActiveCfg = Release|Any CPU
		{CBFA08EA-AECE-205F-7B85-326FD0B81BAD}.Release|Any CPU.Build.0 = Release|Any CPU
		{45E8AD2D-F6CC-99C0-B6AF-489676982DA4}.Debug|Any CPU.ActiveCfg = Debug|Any CPU
		{45E8AD2D-F6CC-99C0-B6AF-489676982DA4}.Debug|Any CPU.Build.0 = Debug|Any CPU
		{45E8AD2D-F6CC-99C0-B6AF-489676982DA4}.Release|Any CPU.ActiveCfg = Release|Any CPU
		{45E8AD2D-F6CC-99C0-B6AF-489676982DA4}.Release|Any CPU.Build.0 = Release|Any CPU
		{02B79BC5-153E-2FD9-CAE3-8149E0D9044F}.Debug|Any CPU.ActiveCfg = Debug|Any CPU
		{02B79BC5-153E-2FD9-CAE3-8149E0D9044F}.Debug|Any CPU.Build.0 = Debug|Any CPU
		{02B79BC5-153E-2FD9-CAE3-8149E0D9044F}.Release|Any CPU.ActiveCfg = Release|Any CPU
		{02B79BC5-153E-2FD9-CAE3-8149E0D9044F}.Release|Any CPU.Build.0 = Release|Any CPU
		{0A1E64AE-D0ED-E6EE-0445-2888C87C6BF3}.Debug|Any CPU.ActiveCfg = Debug|Any CPU
		{0A1E64AE-D0ED-E6EE-0445-2888C87C6BF3}.Debug|Any CPU.Build.0 = Debug|Any CPU
		{0A1E64AE-D0ED-E6EE-0445-2888C87C6BF3}.Release|Any CPU.ActiveCfg = Release|Any CPU
		{0A1E64AE-D0ED-E6EE-0445-2888C87C6BF3}.Release|Any CPU.Build.0 = Release|Any CPU
	EndGlobalSection
	GlobalSection(SolutionProperties) = preSolution
		HideSolutionNode = FALSE
	EndGlobalSection
	GlobalSection(ExtensibilityGlobals) = postSolution
		SolutionGuid = {42948FFD-E6DE-4161-AFCD-57683BF3A128}
	EndGlobalSection
EndGlobal
